// !$*UTF8*$!
{
	archiveVersion = 1;
	classes = {
	};
	objectVersion = 56;
	objects = {

/* Begin PBXBuildFile section */
		BA0ADB642B3E643200A1759D /* EssentialFeed.framework in Frameworks */ = {isa = PBXBuildFile; fileRef = BA0ADB5B2B3E643200A1759D /* EssentialFeed.framework */; };
		BA0ADB762B3E652900A1759D /* LoadFeedFromRemoteUseCaseTest.swift in Sources */ = {isa = PBXBuildFile; fileRef = BA0ADB742B3E652900A1759D /* LoadFeedFromRemoteUseCaseTest.swift */; };
		BA0ADB772B3E652900A1759D /* URLSessionHTTPClientTests.swift in Sources */ = {isa = PBXBuildFile; fileRef = BA0ADB752B3E652900A1759D /* URLSessionHTTPClientTests.swift */; };
		BA0ADB7A2B3E656300A1759D /* XCTestCase+MemoryLeakTracking.swift in Sources */ = {isa = PBXBuildFile; fileRef = BA0ADB792B3E656300A1759D /* XCTestCase+MemoryLeakTracking.swift */; };
		BA0ADBA72B3E66F300A1759D /* FeedItemsMapper.swift in Sources */ = {isa = PBXBuildFile; fileRef = BA0ADBA32B3E66F300A1759D /* FeedItemsMapper.swift */; };
		BA0ADBA82B3E66F300A1759D /* URLSessionHTTPClient.swift in Sources */ = {isa = PBXBuildFile; fileRef = BA0ADBA42B3E66F300A1759D /* URLSessionHTTPClient.swift */; };
		BA0ADBA92B3E66F300A1759D /* HTTPClient.swift in Sources */ = {isa = PBXBuildFile; fileRef = BA0ADBA52B3E66F300A1759D /* HTTPClient.swift */; };
		BA0ADBAA2B3E66F300A1759D /* RemoteFeedLoader.swift in Sources */ = {isa = PBXBuildFile; fileRef = BA0ADBA62B3E66F300A1759D /* RemoteFeedLoader.swift */; };
		BA0ADBAD2B3E66FB00A1759D /* FeedItem.swift in Sources */ = {isa = PBXBuildFile; fileRef = BA0ADBAB2B3E66FB00A1759D /* FeedItem.swift */; };
		BA0ADBAE2B3E66FB00A1759D /* FeedLoader.swift in Sources */ = {isa = PBXBuildFile; fileRef = BA0ADBAC2B3E66FB00A1759D /* FeedLoader.swift */; };
		BA6982C42B3E6A0300FCA157 /* EssentialFeedAPIEndToEndTests.swift in Sources */ = {isa = PBXBuildFile; fileRef = BA6982C32B3E6A0300FCA157 /* EssentialFeedAPIEndToEndTests.swift */; };
		BA6982C52B3E6A0300FCA157 /* EssentialFeed.framework in Frameworks */ = {isa = PBXBuildFile; fileRef = BA0ADB5B2B3E643200A1759D /* EssentialFeed.framework */; };
		BAC71FA92B3E703300B270D8 /* XCTestCase+MemoryLeakTracking.swift in Sources */ = {isa = PBXBuildFile; fileRef = BA0ADB792B3E656300A1759D /* XCTestCase+MemoryLeakTracking.swift */; };
		BADCB51D2B79B520007D3E7F /* CacheFeedUseCaseTests.swift in Sources */ = {isa = PBXBuildFile; fileRef = BADCB51C2B79B520007D3E7F /* CacheFeedUseCaseTests.swift */; };
/* End PBXBuildFile section */

/* Begin PBXContainerItemProxy section */
		BA0ADB652B3E643200A1759D /* PBXContainerItemProxy */ = {
			isa = PBXContainerItemProxy;
			containerPortal = BA0ADB522B3E643200A1759D /* Project object */;
			proxyType = 1;
			remoteGlobalIDString = BA0ADB5A2B3E643200A1759D;
			remoteInfo = EssentialFeed;
		};
		BA6982C62B3E6A0300FCA157 /* PBXContainerItemProxy */ = {
			isa = PBXContainerItemProxy;
			containerPortal = BA0ADB522B3E643200A1759D /* Project object */;
			proxyType = 1;
			remoteGlobalIDString = BA0ADB5A2B3E643200A1759D;
			remoteInfo = EssentialFeed;
		};
/* End PBXContainerItemProxy section */

/* Begin PBXFileReference section */
		BA0ADB5B2B3E643200A1759D /* EssentialFeed.framework */ = {isa = PBXFileReference; explicitFileType = wrapper.framework; includeInIndex = 0; path = EssentialFeed.framework; sourceTree = BUILT_PRODUCTS_DIR; };
		BA0ADB632B3E643200A1759D /* EssentialFeedTests.xctest */ = {isa = PBXFileReference; explicitFileType = wrapper.cfbundle; includeInIndex = 0; path = EssentialFeedTests.xctest; sourceTree = BUILT_PRODUCTS_DIR; };
		BA0ADB742B3E652900A1759D /* LoadFeedFromRemoteUseCaseTest.swift */ = {isa = PBXFileReference; fileEncoding = 4; lastKnownFileType = sourcecode.swift; path = LoadFeedFromRemoteUseCaseTest.swift; sourceTree = "<group>"; };
		BA0ADB752B3E652900A1759D /* URLSessionHTTPClientTests.swift */ = {isa = PBXFileReference; fileEncoding = 4; lastKnownFileType = sourcecode.swift; path = URLSessionHTTPClientTests.swift; sourceTree = "<group>"; };
		BA0ADB792B3E656300A1759D /* XCTestCase+MemoryLeakTracking.swift */ = {isa = PBXFileReference; fileEncoding = 4; lastKnownFileType = sourcecode.swift; path = "XCTestCase+MemoryLeakTracking.swift"; sourceTree = "<group>"; };
		BA0ADBA32B3E66F300A1759D /* FeedItemsMapper.swift */ = {isa = PBXFileReference; fileEncoding = 4; lastKnownFileType = sourcecode.swift; path = FeedItemsMapper.swift; sourceTree = "<group>"; };
		BA0ADBA42B3E66F300A1759D /* URLSessionHTTPClient.swift */ = {isa = PBXFileReference; fileEncoding = 4; lastKnownFileType = sourcecode.swift; path = URLSessionHTTPClient.swift; sourceTree = "<group>"; };
		BA0ADBA52B3E66F300A1759D /* HTTPClient.swift */ = {isa = PBXFileReference; fileEncoding = 4; lastKnownFileType = sourcecode.swift; path = HTTPClient.swift; sourceTree = "<group>"; };
		BA0ADBA62B3E66F300A1759D /* RemoteFeedLoader.swift */ = {isa = PBXFileReference; fileEncoding = 4; lastKnownFileType = sourcecode.swift; path = RemoteFeedLoader.swift; sourceTree = "<group>"; };
		BA0ADBAB2B3E66FB00A1759D /* FeedItem.swift */ = {isa = PBXFileReference; fileEncoding = 4; lastKnownFileType = sourcecode.swift; path = FeedItem.swift; sourceTree = "<group>"; };
		BA0ADBAC2B3E66FB00A1759D /* FeedLoader.swift */ = {isa = PBXFileReference; fileEncoding = 4; lastKnownFileType = sourcecode.swift; path = FeedLoader.swift; sourceTree = "<group>"; };
		BA6982C12B3E6A0300FCA157 /* EssentialFeedAPIEndToEndTests.xctest */ = {isa = PBXFileReference; explicitFileType = wrapper.cfbundle; includeInIndex = 0; path = EssentialFeedAPIEndToEndTests.xctest; sourceTree = BUILT_PRODUCTS_DIR; };
		BA6982C32B3E6A0300FCA157 /* EssentialFeedAPIEndToEndTests.swift */ = {isa = PBXFileReference; lastKnownFileType = sourcecode.swift; path = EssentialFeedAPIEndToEndTests.swift; sourceTree = "<group>"; };
		BAC71FAA2B3E712800B270D8 /* CI.xctestplan */ = {isa = PBXFileReference; lastKnownFileType = text; path = CI.xctestplan; sourceTree = "<group>"; };
		BAC8F4262B45A02A0018ECBD /* EssentialFeed.xctestplan */ = {isa = PBXFileReference; lastKnownFileType = text; path = EssentialFeed.xctestplan; sourceTree = "<group>"; };
		BADCB51C2B79B520007D3E7F /* CacheFeedUseCaseTests.swift */ = {isa = PBXFileReference; lastKnownFileType = sourcecode.swift; path = CacheFeedUseCaseTests.swift; sourceTree = "<group>"; };
/* End PBXFileReference section */

/* Begin PBXFrameworksBuildPhase section */
		BA0ADB582B3E643200A1759D /* Frameworks */ = {
			isa = PBXFrameworksBuildPhase;
			buildActionMask = 2147483647;
			files = (
			);
			runOnlyForDeploymentPostprocessing = 0;
		};
		BA0ADB602B3E643200A1759D /* Frameworks */ = {
			isa = PBXFrameworksBuildPhase;
			buildActionMask = 2147483647;
			files = (
				BA0ADB642B3E643200A1759D /* EssentialFeed.framework in Frameworks */,
			);
			runOnlyForDeploymentPostprocessing = 0;
		};
		BA6982BE2B3E6A0300FCA157 /* Frameworks */ = {
			isa = PBXFrameworksBuildPhase;
			buildActionMask = 2147483647;
			files = (
				BA6982C52B3E6A0300FCA157 /* EssentialFeed.framework in Frameworks */,
			);
			runOnlyForDeploymentPostprocessing = 0;
		};
/* End PBXFrameworksBuildPhase section */

/* Begin PBXGroup section */
		BA0ADB512B3E643200A1759D = {
			isa = PBXGroup;
			children = (
				BAC8F4262B45A02A0018ECBD /* EssentialFeed.xctestplan */,
				BAC71FAA2B3E712800B270D8 /* CI.xctestplan */,
				BA0ADB5D2B3E643200A1759D /* EssentialFeed */,
				BA0ADB672B3E643200A1759D /* EssentialFeedTests */,
				BA6982C22B3E6A0300FCA157 /* EssentialFeedAPIEndToEndTests */,
				BA0ADB5C2B3E643200A1759D /* Products */,
			);
			sourceTree = "<group>";
		};
		BA0ADB5C2B3E643200A1759D /* Products */ = {
			isa = PBXGroup;
			children = (
				BA0ADB5B2B3E643200A1759D /* EssentialFeed.framework */,
				BA0ADB632B3E643200A1759D /* EssentialFeedTests.xctest */,
				BA6982C12B3E6A0300FCA157 /* EssentialFeedAPIEndToEndTests.xctest */,
			);
			name = Products;
			sourceTree = "<group>";
		};
		BA0ADB5D2B3E643200A1759D /* EssentialFeed */ = {
			isa = PBXGroup;
			children = (
				BA0ADB7B2B3E657900A1759D /* FeedAPI */,
				BA0ADB7C2B3E658500A1759D /* FeedFeature */,
			);
			path = EssentialFeed;
			sourceTree = "<group>";
		};
		BA0ADB672B3E643200A1759D /* EssentialFeedTests */ = {
			isa = PBXGroup;
			children = (
				BADCB51B2B79B502007D3E7F /* FeedCache */,
				BA0ADB732B3E64FA00A1759D /* FeedAPI */,
				BA0ADB782B3E654400A1759D /* Helpers */,
			);
			path = EssentialFeedTests;
			sourceTree = "<group>";
		};
		BA0ADB732B3E64FA00A1759D /* FeedAPI */ = {
			isa = PBXGroup;
			children = (
				BA0ADB742B3E652900A1759D /* LoadFeedFromRemoteUseCaseTest.swift */,
				BA0ADB752B3E652900A1759D /* URLSessionHTTPClientTests.swift */,
			);
			path = FeedAPI;
			sourceTree = "<group>";
		};
		BA0ADB782B3E654400A1759D /* Helpers */ = {
			isa = PBXGroup;
			children = (
				BA0ADB792B3E656300A1759D /* XCTestCase+MemoryLeakTracking.swift */,
			);
			path = Helpers;
			sourceTree = "<group>";
		};
		BA0ADB7B2B3E657900A1759D /* FeedAPI */ = {
			isa = PBXGroup;
			children = (
				BA0ADBA32B3E66F300A1759D /* FeedItemsMapper.swift */,
				BA0ADBA52B3E66F300A1759D /* HTTPClient.swift */,
				BA0ADBA62B3E66F300A1759D /* RemoteFeedLoader.swift */,
				BA0ADBA42B3E66F300A1759D /* URLSessionHTTPClient.swift */,
			);
			path = FeedAPI;
			sourceTree = "<group>";
		};
		BA0ADB7C2B3E658500A1759D /* FeedFeature */ = {
			isa = PBXGroup;
			children = (
				BA0ADBAB2B3E66FB00A1759D /* FeedItem.swift */,
				BA0ADBAC2B3E66FB00A1759D /* FeedLoader.swift */,
			);
			path = FeedFeature;
			sourceTree = "<group>";
		};
		BA6982C22B3E6A0300FCA157 /* EssentialFeedAPIEndToEndTests */ = {
			isa = PBXGroup;
			children = (
				BA6982C32B3E6A0300FCA157 /* EssentialFeedAPIEndToEndTests.swift */,
			);
			path = EssentialFeedAPIEndToEndTests;
			sourceTree = "<group>";
		};
		BADCB51B2B79B502007D3E7F /* FeedCache */ = {
			isa = PBXGroup;
			children = (
				BADCB51C2B79B520007D3E7F /* CacheFeedUseCaseTests.swift */,
			);
			path = FeedCache;
			sourceTree = "<group>";
		};
/* End PBXGroup section */

/* Begin PBXHeadersBuildPhase section */
		BA0ADB562B3E643200A1759D /* Headers */ = {
			isa = PBXHeadersBuildPhase;
			buildActionMask = 2147483647;
			files = (
			);
			runOnlyForDeploymentPostprocessing = 0;
		};
/* End PBXHeadersBuildPhase section */

/* Begin PBXNativeTarget section */
		BA0ADB5A2B3E643200A1759D /* EssentialFeed */ = {
			isa = PBXNativeTarget;
			buildConfigurationList = BA0ADB6D2B3E643200A1759D /* Build configuration list for PBXNativeTarget "EssentialFeed" */;
			buildPhases = (
				BA0ADB562B3E643200A1759D /* Headers */,
				BA0ADB572B3E643200A1759D /* Sources */,
				BA0ADB582B3E643200A1759D /* Frameworks */,
				BA0ADB592B3E643200A1759D /* Resources */,
			);
			buildRules = (
			);
			dependencies = (
			);
			name = EssentialFeed;
			productName = EssentialFeed;
			productReference = BA0ADB5B2B3E643200A1759D /* EssentialFeed.framework */;
			productType = "com.apple.product-type.framework";
		};
		BA0ADB622B3E643200A1759D /* EssentialFeedTests */ = {
			isa = PBXNativeTarget;
			buildConfigurationList = BA0ADB702B3E643200A1759D /* Build configuration list for PBXNativeTarget "EssentialFeedTests" */;
			buildPhases = (
				BA0ADB5F2B3E643200A1759D /* Sources */,
				BA0ADB602B3E643200A1759D /* Frameworks */,
				BA0ADB612B3E643200A1759D /* Resources */,
			);
			buildRules = (
			);
			dependencies = (
				BA0ADB662B3E643200A1759D /* PBXTargetDependency */,
			);
			name = EssentialFeedTests;
			productName = EssentialFeedTests;
			productReference = BA0ADB632B3E643200A1759D /* EssentialFeedTests.xctest */;
			productType = "com.apple.product-type.bundle.unit-test";
		};
		BA6982C02B3E6A0300FCA157 /* EssentialFeedAPIEndToEndTests */ = {
			isa = PBXNativeTarget;
			buildConfigurationList = BA6982CA2B3E6A0300FCA157 /* Build configuration list for PBXNativeTarget "EssentialFeedAPIEndToEndTests" */;
			buildPhases = (
				BA6982BD2B3E6A0300FCA157 /* Sources */,
				BA6982BE2B3E6A0300FCA157 /* Frameworks */,
				BA6982BF2B3E6A0300FCA157 /* Resources */,
			);
			buildRules = (
			);
			dependencies = (
				BA6982C72B3E6A0300FCA157 /* PBXTargetDependency */,
			);
			name = EssentialFeedAPIEndToEndTests;
			productName = EssentialFeedAPIEndToEndTests;
			productReference = BA6982C12B3E6A0300FCA157 /* EssentialFeedAPIEndToEndTests.xctest */;
			productType = "com.apple.product-type.bundle.unit-test";
		};
/* End PBXNativeTarget section */

/* Begin PBXProject section */
		BA0ADB522B3E643200A1759D /* Project object */ = {
			isa = PBXProject;
			attributes = {
				BuildIndependentTargetsInParallel = 1;
				LastSwiftUpdateCheck = 1510;
				LastUpgradeCheck = 1510;
				TargetAttributes = {
					BA0ADB5A2B3E643200A1759D = {
						CreatedOnToolsVersion = 15.1;
						LastSwiftMigration = 1510;
					};
					BA0ADB622B3E643200A1759D = {
						CreatedOnToolsVersion = 15.1;
						LastSwiftMigration = 1510;
					};
					BA6982C02B3E6A0300FCA157 = {
						CreatedOnToolsVersion = 15.1;
					};
				};
			};
			buildConfigurationList = BA0ADB552B3E643200A1759D /* Build configuration list for PBXProject "EssentialFeed" */;
			compatibilityVersion = "Xcode 14.0";
			developmentRegion = en;
			hasScannedForEncodings = 0;
			knownRegions = (
				en,
				Base,
			);
			mainGroup = BA0ADB512B3E643200A1759D;
			productRefGroup = BA0ADB5C2B3E643200A1759D /* Products */;
			projectDirPath = "";
			projectRoot = "";
			targets = (
				BA0ADB5A2B3E643200A1759D /* EssentialFeed */,
				BA0ADB622B3E643200A1759D /* EssentialFeedTests */,
				BA6982C02B3E6A0300FCA157 /* EssentialFeedAPIEndToEndTests */,
			);
		};
/* End PBXProject section */

/* Begin PBXResourcesBuildPhase section */
		BA0ADB592B3E643200A1759D /* Resources */ = {
			isa = PBXResourcesBuildPhase;
			buildActionMask = 2147483647;
			files = (
			);
			runOnlyForDeploymentPostprocessing = 0;
		};
		BA0ADB612B3E643200A1759D /* Resources */ = {
			isa = PBXResourcesBuildPhase;
			buildActionMask = 2147483647;
			files = (
			);
			runOnlyForDeploymentPostprocessing = 0;
		};
		BA6982BF2B3E6A0300FCA157 /* Resources */ = {
			isa = PBXResourcesBuildPhase;
			buildActionMask = 2147483647;
			files = (
			);
			runOnlyForDeploymentPostprocessing = 0;
		};
/* End PBXResourcesBuildPhase section */

/* Begin PBXSourcesBuildPhase section */
		BA0ADB572B3E643200A1759D /* Sources */ = {
			isa = PBXSourcesBuildPhase;
			buildActionMask = 2147483647;
			files = (
				BA0ADBAE2B3E66FB00A1759D /* FeedLoader.swift in Sources */,
				BA0ADBAA2B3E66F300A1759D /* RemoteFeedLoader.swift in Sources */,
				BA0ADBA72B3E66F300A1759D /* FeedItemsMapper.swift in Sources */,
				BA0ADBA82B3E66F300A1759D /* URLSessionHTTPClient.swift in Sources */,
				BA0ADBAD2B3E66FB00A1759D /* FeedItem.swift in Sources */,
				BA0ADBA92B3E66F300A1759D /* HTTPClient.swift in Sources */,
			);
			runOnlyForDeploymentPostprocessing = 0;
		};
		BA0ADB5F2B3E643200A1759D /* Sources */ = {
			isa = PBXSourcesBuildPhase;
			buildActionMask = 2147483647;
			files = (
				BA0ADB762B3E652900A1759D /* LoadFeedFromRemoteUseCaseTest.swift in Sources */,
				BA0ADB772B3E652900A1759D /* URLSessionHTTPClientTests.swift in Sources */,
				BADCB51D2B79B520007D3E7F /* CacheFeedUseCaseTests.swift in Sources */,
				BA0ADB7A2B3E656300A1759D /* XCTestCase+MemoryLeakTracking.swift in Sources */,
			);
			runOnlyForDeploymentPostprocessing = 0;
		};
		BA6982BD2B3E6A0300FCA157 /* Sources */ = {
			isa = PBXSourcesBuildPhase;
			buildActionMask = 2147483647;
			files = (
				BA6982C42B3E6A0300FCA157 /* EssentialFeedAPIEndToEndTests.swift in Sources */,
				BAC71FA92B3E703300B270D8 /* XCTestCase+MemoryLeakTracking.swift in Sources */,
			);
			runOnlyForDeploymentPostprocessing = 0;
		};
/* End PBXSourcesBuildPhase section */

/* Begin PBXTargetDependency section */
		BA0ADB662B3E643200A1759D /* PBXTargetDependency */ = {
			isa = PBXTargetDependency;
			target = BA0ADB5A2B3E643200A1759D /* EssentialFeed */;
			targetProxy = BA0ADB652B3E643200A1759D /* PBXContainerItemProxy */;
		};
		BA6982C72B3E6A0300FCA157 /* PBXTargetDependency */ = {
			isa = PBXTargetDependency;
			target = BA0ADB5A2B3E643200A1759D /* EssentialFeed */;
			targetProxy = BA6982C62B3E6A0300FCA157 /* PBXContainerItemProxy */;
		};
/* End PBXTargetDependency section */

/* Begin XCBuildConfiguration section */
		BA0ADB6B2B3E643200A1759D /* Debug */ = {
			isa = XCBuildConfiguration;
			buildSettings = {
				ALWAYS_SEARCH_USER_PATHS = NO;
				ASSETCATALOG_COMPILER_GENERATE_SWIFT_ASSET_SYMBOL_EXTENSIONS = YES;
				CLANG_ANALYZER_NONNULL = YES;
				CLANG_ANALYZER_NUMBER_OBJECT_CONVERSION = YES_AGGRESSIVE;
				CLANG_CXX_LANGUAGE_STANDARD = "gnu++20";
				CLANG_ENABLE_MODULES = YES;
				CLANG_ENABLE_OBJC_ARC = YES;
				CLANG_ENABLE_OBJC_WEAK = YES;
				CLANG_WARN_BLOCK_CAPTURE_AUTORELEASING = YES;
				CLANG_WARN_BOOL_CONVERSION = YES;
				CLANG_WARN_COMMA = YES;
				CLANG_WARN_CONSTANT_CONVERSION = YES;
				CLANG_WARN_DEPRECATED_OBJC_IMPLEMENTATIONS = YES;
				CLANG_WARN_DIRECT_OBJC_ISA_USAGE = YES_ERROR;
				CLANG_WARN_DOCUMENTATION_COMMENTS = YES;
				CLANG_WARN_EMPTY_BODY = YES;
				CLANG_WARN_ENUM_CONVERSION = YES;
				CLANG_WARN_INFINITE_RECURSION = YES;
				CLANG_WARN_INT_CONVERSION = YES;
				CLANG_WARN_NON_LITERAL_NULL_CONVERSION = YES;
				CLANG_WARN_OBJC_IMPLICIT_RETAIN_SELF = YES;
				CLANG_WARN_OBJC_LITERAL_CONVERSION = YES;
				CLANG_WARN_OBJC_ROOT_CLASS = YES_ERROR;
				CLANG_WARN_QUOTED_INCLUDE_IN_FRAMEWORK_HEADER = YES;
				CLANG_WARN_RANGE_LOOP_ANALYSIS = YES;
				CLANG_WARN_STRICT_PROTOTYPES = YES;
				CLANG_WARN_SUSPICIOUS_MOVE = YES;
				CLANG_WARN_UNGUARDED_AVAILABILITY = YES_AGGRESSIVE;
				CLANG_WARN_UNREACHABLE_CODE = YES;
				CLANG_WARN__DUPLICATE_METHOD_MATCH = YES;
				COPY_PHASE_STRIP = NO;
				CURRENT_PROJECT_VERSION = 1;
				DEBUG_INFORMATION_FORMAT = dwarf;
				ENABLE_STRICT_OBJC_MSGSEND = YES;
				ENABLE_TESTABILITY = YES;
				ENABLE_USER_SCRIPT_SANDBOXING = YES;
				GCC_C_LANGUAGE_STANDARD = gnu17;
				GCC_DYNAMIC_NO_PIC = NO;
				GCC_NO_COMMON_BLOCKS = YES;
				GCC_OPTIMIZATION_LEVEL = 0;
				GCC_PREPROCESSOR_DEFINITIONS = (
					"DEBUG=1",
					"$(inherited)",
				);
				GCC_WARN_64_TO_32_BIT_CONVERSION = YES;
				GCC_WARN_ABOUT_RETURN_TYPE = YES_ERROR;
				GCC_WARN_UNDECLARED_SELECTOR = YES;
				GCC_WARN_UNINITIALIZED_AUTOS = YES_AGGRESSIVE;
				GCC_WARN_UNUSED_FUNCTION = YES;
				GCC_WARN_UNUSED_VARIABLE = YES;
				LOCALIZATION_PREFERS_STRING_CATALOGS = YES;
				MACOSX_DEPLOYMENT_TARGET = 14.2;
				MTL_ENABLE_DEBUG_INFO = INCLUDE_SOURCE;
				MTL_FAST_MATH = YES;
				ONLY_ACTIVE_ARCH = YES;
				SDKROOT = macosx;
				SWIFT_ACTIVE_COMPILATION_CONDITIONS = "DEBUG $(inherited)";
				SWIFT_OPTIMIZATION_LEVEL = "-Onone";
				VERSIONING_SYSTEM = "apple-generic";
				VERSION_INFO_PREFIX = "";
			};
			name = Debug;
		};
		BA0ADB6C2B3E643200A1759D /* Release */ = {
			isa = XCBuildConfiguration;
			buildSettings = {
				ALWAYS_SEARCH_USER_PATHS = NO;
				ASSETCATALOG_COMPILER_GENERATE_SWIFT_ASSET_SYMBOL_EXTENSIONS = YES;
				CLANG_ANALYZER_NONNULL = YES;
				CLANG_ANALYZER_NUMBER_OBJECT_CONVERSION = YES_AGGRESSIVE;
				CLANG_CXX_LANGUAGE_STANDARD = "gnu++20";
				CLANG_ENABLE_MODULES = YES;
				CLANG_ENABLE_OBJC_ARC = YES;
				CLANG_ENABLE_OBJC_WEAK = YES;
				CLANG_WARN_BLOCK_CAPTURE_AUTORELEASING = YES;
				CLANG_WARN_BOOL_CONVERSION = YES;
				CLANG_WARN_COMMA = YES;
				CLANG_WARN_CONSTANT_CONVERSION = YES;
				CLANG_WARN_DEPRECATED_OBJC_IMPLEMENTATIONS = YES;
				CLANG_WARN_DIRECT_OBJC_ISA_USAGE = YES_ERROR;
				CLANG_WARN_DOCUMENTATION_COMMENTS = YES;
				CLANG_WARN_EMPTY_BODY = YES;
				CLANG_WARN_ENUM_CONVERSION = YES;
				CLANG_WARN_INFINITE_RECURSION = YES;
				CLANG_WARN_INT_CONVERSION = YES;
				CLANG_WARN_NON_LITERAL_NULL_CONVERSION = YES;
				CLANG_WARN_OBJC_IMPLICIT_RETAIN_SELF = YES;
				CLANG_WARN_OBJC_LITERAL_CONVERSION = YES;
				CLANG_WARN_OBJC_ROOT_CLASS = YES_ERROR;
				CLANG_WARN_QUOTED_INCLUDE_IN_FRAMEWORK_HEADER = YES;
				CLANG_WARN_RANGE_LOOP_ANALYSIS = YES;
				CLANG_WARN_STRICT_PROTOTYPES = YES;
				CLANG_WARN_SUSPICIOUS_MOVE = YES;
				CLANG_WARN_UNGUARDED_AVAILABILITY = YES_AGGRESSIVE;
				CLANG_WARN_UNREACHABLE_CODE = YES;
				CLANG_WARN__DUPLICATE_METHOD_MATCH = YES;
				COPY_PHASE_STRIP = NO;
				CURRENT_PROJECT_VERSION = 1;
				DEBUG_INFORMATION_FORMAT = "dwarf-with-dsym";
				ENABLE_NS_ASSERTIONS = NO;
				ENABLE_STRICT_OBJC_MSGSEND = YES;
				ENABLE_USER_SCRIPT_SANDBOXING = YES;
				GCC_C_LANGUAGE_STANDARD = gnu17;
				GCC_NO_COMMON_BLOCKS = YES;
				GCC_WARN_64_TO_32_BIT_CONVERSION = YES;
				GCC_WARN_ABOUT_RETURN_TYPE = YES_ERROR;
				GCC_WARN_UNDECLARED_SELECTOR = YES;
				GCC_WARN_UNINITIALIZED_AUTOS = YES_AGGRESSIVE;
				GCC_WARN_UNUSED_FUNCTION = YES;
				GCC_WARN_UNUSED_VARIABLE = YES;
				LOCALIZATION_PREFERS_STRING_CATALOGS = YES;
				MACOSX_DEPLOYMENT_TARGET = 14.2;
				MTL_ENABLE_DEBUG_INFO = NO;
				MTL_FAST_MATH = YES;
				SDKROOT = macosx;
				SWIFT_COMPILATION_MODE = wholemodule;
				VERSIONING_SYSTEM = "apple-generic";
				VERSION_INFO_PREFIX = "";
			};
			name = Release;
		};
		BA0ADB6E2B3E643200A1759D /* Debug */ = {
			isa = XCBuildConfiguration;
			buildSettings = {
				CLANG_ENABLE_MODULES = YES;
				CODE_SIGN_STYLE = Automatic;
				COMBINE_HIDPI_IMAGES = YES;
				CURRENT_PROJECT_VERSION = 1;
				DEFINES_MODULE = YES;
				DEVELOPMENT_TEAM = WU4PT86EQ2;
				DYLIB_COMPATIBILITY_VERSION = 1;
				DYLIB_CURRENT_VERSION = 1;
				DYLIB_INSTALL_NAME_BASE = "@rpath";
				ENABLE_MODULE_VERIFIER = YES;
				GENERATE_INFOPLIST_FILE = YES;
				INFOPLIST_KEY_NSHumanReadableCopyright = "";
				INSTALL_PATH = "$(LOCAL_LIBRARY_DIR)/Frameworks";
				LD_RUNPATH_SEARCH_PATHS = (
					"$(inherited)",
					"@executable_path/../Frameworks",
					"@loader_path/Frameworks",
				);
				MARKETING_VERSION = 1.0;
				MODULE_VERIFIER_SUPPORTED_LANGUAGES = "objective-c objective-c++";
				MODULE_VERIFIER_SUPPORTED_LANGUAGE_STANDARDS = "gnu17 gnu++20";
				PRODUCT_BUNDLE_IDENTIFIER = com.marioelo.EssentialFeed;
				PRODUCT_NAME = "$(TARGET_NAME:c99extidentifier)";
				SKIP_INSTALL = YES;
				SWIFT_EMIT_LOC_STRINGS = YES;
				SWIFT_OPTIMIZATION_LEVEL = "-Onone";
				SWIFT_VERSION = 5.0;
			};
			name = Debug;
		};
		BA0ADB6F2B3E643200A1759D /* Release */ = {
			isa = XCBuildConfiguration;
			buildSettings = {
				CLANG_ENABLE_MODULES = YES;
				CODE_SIGN_STYLE = Automatic;
				COMBINE_HIDPI_IMAGES = YES;
				CURRENT_PROJECT_VERSION = 1;
				DEFINES_MODULE = YES;
				DEVELOPMENT_TEAM = WU4PT86EQ2;
				DYLIB_COMPATIBILITY_VERSION = 1;
				DYLIB_CURRENT_VERSION = 1;
				DYLIB_INSTALL_NAME_BASE = "@rpath";
				ENABLE_MODULE_VERIFIER = YES;
				GENERATE_INFOPLIST_FILE = YES;
				INFOPLIST_KEY_NSHumanReadableCopyright = "";
				INSTALL_PATH = "$(LOCAL_LIBRARY_DIR)/Frameworks";
				LD_RUNPATH_SEARCH_PATHS = (
					"$(inherited)",
					"@executable_path/../Frameworks",
					"@loader_path/Frameworks",
				);
				MARKETING_VERSION = 1.0;
				MODULE_VERIFIER_SUPPORTED_LANGUAGES = "objective-c objective-c++";
				MODULE_VERIFIER_SUPPORTED_LANGUAGE_STANDARDS = "gnu17 gnu++20";
				PRODUCT_BUNDLE_IDENTIFIER = com.marioelo.EssentialFeed;
				PRODUCT_NAME = "$(TARGET_NAME:c99extidentifier)";
				SKIP_INSTALL = YES;
				SWIFT_EMIT_LOC_STRINGS = YES;
				SWIFT_VERSION = 5.0;
			};
			name = Release;
		};
		BA0ADB712B3E643200A1759D /* Debug */ = {
			isa = XCBuildConfiguration;
			buildSettings = {
				ALWAYS_EMBED_SWIFT_STANDARD_LIBRARIES = YES;
				CLANG_ENABLE_MODULES = YES;
				CODE_SIGN_STYLE = Automatic;
				CURRENT_PROJECT_VERSION = 1;
				DEVELOPMENT_TEAM = WU4PT86EQ2;
				GENERATE_INFOPLIST_FILE = YES;
				MARKETING_VERSION = 1.0;
				PRODUCT_BUNDLE_IDENTIFIER = com.marioelo.EssentialFeedTests;
				PRODUCT_NAME = "$(TARGET_NAME)";
				SWIFT_EMIT_LOC_STRINGS = NO;
				SWIFT_OPTIMIZATION_LEVEL = "-Onone";
				SWIFT_VERSION = 5.0;
			};
			name = Debug;
		};
		BA0ADB722B3E643200A1759D /* Release */ = {
			isa = XCBuildConfiguration;
			buildSettings = {
				ALWAYS_EMBED_SWIFT_STANDARD_LIBRARIES = YES;
				CLANG_ENABLE_MODULES = YES;
				CODE_SIGN_STYLE = Automatic;
				CURRENT_PROJECT_VERSION = 1;
				DEVELOPMENT_TEAM = WU4PT86EQ2;
				GENERATE_INFOPLIST_FILE = YES;
				MARKETING_VERSION = 1.0;
				PRODUCT_BUNDLE_IDENTIFIER = com.marioelo.EssentialFeedTests;
				PRODUCT_NAME = "$(TARGET_NAME)";
				SWIFT_EMIT_LOC_STRINGS = NO;
				SWIFT_VERSION = 5.0;
			};
			name = Release;
		};
		BA6982C82B3E6A0300FCA157 /* Debug */ = {
			isa = XCBuildConfiguration;
			buildSettings = {
				CODE_SIGN_STYLE = Automatic;
				CURRENT_PROJECT_VERSION = 1;
				DEVELOPMENT_TEAM = WU4PT86EQ2;
				GENERATE_INFOPLIST_FILE = YES;
				MARKETING_VERSION = 1.0;
				PRODUCT_BUNDLE_IDENTIFIER = com.marioelo.EssentialFeedAPIEndToEndTests;
				PRODUCT_NAME = "$(TARGET_NAME)";
				SWIFT_EMIT_LOC_STRINGS = NO;
				SWIFT_VERSION = 5.0;
			};
			name = Debug;
		};
		BA6982C92B3E6A0300FCA157 /* Release */ = {
			isa = XCBuildConfiguration;
			buildSettings = {
				CODE_SIGN_STYLE = Automatic;
				CURRENT_PROJECT_VERSION = 1;
				DEVELOPMENT_TEAM = WU4PT86EQ2;
				GENERATE_INFOPLIST_FILE = YES;
				MARKETING_VERSION = 1.0;
				PRODUCT_BUNDLE_IDENTIFIER = com.marioelo.EssentialFeedAPIEndToEndTests;
				PRODUCT_NAME = "$(TARGET_NAME)";
				SWIFT_EMIT_LOC_STRINGS = NO;
				SWIFT_VERSION = 5.0;
			};
			name = Release;
		};
/* End XCBuildConfiguration section */

/* Begin XCConfigurationList section */
		BA0ADB552B3E643200A1759D /* Build configuration list for PBXProject "EssentialFeed" */ = {
			isa = XCConfigurationList;
			buildConfigurations = (
				BA0ADB6B2B3E643200A1759D /* Debug */,
				BA0ADB6C2B3E643200A1759D /* Release */,
			);
			defaultConfigurationIsVisible = 0;
			defaultConfigurationName = Release;
		};
		BA0ADB6D2B3E643200A1759D /* Build configuration list for PBXNativeTarget "EssentialFeed" */ = {
			isa = XCConfigurationList;
			buildConfigurations = (
				BA0ADB6E2B3E643200A1759D /* Debug */,
				BA0ADB6F2B3E643200A1759D /* Release */,
			);
			defaultConfigurationIsVisible = 0;
			defaultConfigurationName = Release;
		};
		BA0ADB702B3E643200A1759D /* Build configuration list for PBXNativeTarget "EssentialFeedTests" */ = {
			isa = XCConfigurationList;
			buildConfigurations = (
				BA0ADB712B3E643200A1759D /* Debug */,
				BA0ADB722B3E643200A1759D /* Release */,
			);
			defaultConfigurationIsVisible = 0;
			defaultConfigurationName = Release;
		};
		BA6982CA2B3E6A0300FCA157 /* Build configuration list for PBXNativeTarget "EssentialFeedAPIEndToEndTests" */ = {
			isa = XCConfigurationList;
			buildConfigurations = (
				BA6982C82B3E6A0300FCA157 /* Debug */,
				BA6982C92B3E6A0300FCA157 /* Release */,
			);
			defaultConfigurationIsVisible = 0;
			defaultConfigurationName = Release;
		};
/* End XCConfigurationList section */
	};
	rootObject = BA0ADB522B3E643200A1759D /* Project object */;
}
